
Microsoft Visual Studio Solution File, Format Version 12.00
# Visual Studio 2013
VisualStudioVersion = 12.0.31101.0
MinimumVisualStudioVersion = 10.0.40219.1
Project("{8BC9CEB8-8B4A-11D0-8D11-00A0C91BC942}") = "C++_Primer_4th_Excercises", "C++_Primer_4th_Excercises\C++_Primer_4th_Excercises.vcxproj", "{0F2E39C0-A902-45C2-8990-3092744D0E4C}"
EndProject
Project("{2150E333-8FDC-42A3-9474-1A3956D46DE8}") = "Chapter01", "Chapter01", "{31538183-B3BF-4809-ABFB-63315A07A666}"
EndProject
Project("{8BC9CEB8-8B4A-11D0-8D11-00A0C91BC942}") = "Chapter01", "Chapter01\Chapter01.vcxproj", "{BCED4D51-F7C4-469A-93D7-63D31987EA95}"
EndProject
Project("{2150E333-8FDC-42A3-9474-1A3956D46DE8}") = "Chapter02", "Chapter02", "{03927FAB-A725-4BE7-A4DD-12E7A51AB77B}"
EndProject
Project("{8BC9CEB8-8B4A-11D0-8D11-00A0C91BC942}") = "chapter02", "chapter02\chapter02.vcxproj", "{EC77C8E6-BE1C-4730-88BA-B46C6F4992F7}"
EndProject
Project("{2150E333-8FDC-42A3-9474-1A3956D46DE8}") = "Chapter03", "Chapter03", "{33C8C544-13E0-42D5-AA30-5857758A4199}"
EndProject
Project("{8BC9CEB8-8B4A-11D0-8D11-00A0C91BC942}") = "Chapter03", "Chapter03\Chapter03.vcxproj", "{550908FD-3377-45C6-9C32-11DCC16D38F7}"
EndProject
Project("{2150E333-8FDC-42A3-9474-1A3956D46DE8}") = "Chapter04", "Chapter04", "{DEE95E94-3E71-43A0-912B-8ED33E75F592}"
EndProject
Project("{8BC9CEB8-8B4A-11D0-8D11-00A0C91BC942}") = "Chapter04", "Chapter04\Chapter04.vcxproj", "{3B250A03-CBE6-4EEF-A31E-6379770E12BE}"
EndProject
Project("{2150E333-8FDC-42A3-9474-1A3956D46DE8}") = "Chapter05", "Chapter05", "{C3BBBFD8-9CD1-4A28-9F99-2D1B50B867A3}"
EndProject
Project("{8BC9CEB8-8B4A-11D0-8D11-00A0C91BC942}") = "Chapter05", "Chapter05\Chapter05.vcxproj", "{99C0A75B-BAAC-49FE-9D03-7C4906011DC8}"
EndProject
Global
	GlobalSection(SolutionConfigurationPlatforms) = preSolution
		Debug|Win32 = Debug|Win32
		Release|Win32 = Release|Win32
	EndGlobalSection
	GlobalSection(ProjectConfigurationPlatforms) = postSolution
		{0F2E39C0-A902-45C2-8990-3092744D0E4C}.Debug|Win32.ActiveCfg = Debug|Win32
		{0F2E39C0-A902-45C2-8990-3092744D0E4C}.Debug|Win32.Build.0 = Debug|Win32
		{0F2E39C0-A902-45C2-8990-3092744D0E4C}.Release|Win32.ActiveCfg = Release|Win32
		{0F2E39C0-A902-45C2-8990-3092744D0E4C}.Release|Win32.Build.0 = Release|Win32
		{BCED4D51-F7C4-469A-93D7-63D31987EA95}.Debug|Win32.ActiveCfg = Debug|Win32
		{BCED4D51-F7C4-469A-93D7-63D31987EA95}.Debug|Win32.Build.0 = Debug|Win32
		{BCED4D51-F7C4-469A-93D7-63D31987EA95}.Release|Win32.ActiveCfg = Release|Win32
		{BCED4D51-F7C4-469A-93D7-63D31987EA95}.Release|Win32.Build.0 = Release|Win32
		{EC77C8E6-BE1C-4730-88BA-B46C6F4992F7}.Debug|Win32.ActiveCfg = Debug|Win32
		{EC77C8E6-BE1C-4730-88BA-B46C6F4992F7}.Debug|Win32.Build.0 = Debug|Win32
		{EC77C8E6-BE1C-4730-88BA-B46C6F4992F7}.Release|Win32.ActiveCfg = Release|Win32
		{EC77C8E6-BE1C-4730-88BA-B46C6F4992F7}.Release|Win32.Build.0 = Release|Win32
		{550908FD-3377-45C6-9C32-11DCC16D38F7}.Debug|Win32.ActiveCfg = Debug|Win32
		{550908FD-3377-45C6-9C32-11DCC16D38F7}.Debug|Win32.Build.0 = Debug|Win32
		{550908FD-3377-45C6-9C32-11DCC16D38F7}.Release|Win32.ActiveCfg = Release|Win32
		{550908FD-3377-45C6-9C32-11DCC16D38F7}.Release|Win32.Build.0 = Release|Win32
		{3B250A03-CBE6-4EEF-A31E-6379770E12BE}.Debug|Win32.ActiveCfg = Debug|Win32
		{3B250A03-CBE6-4EEF-A31E-6379770E12BE}.Debug|Win32.Build.0 = Debug|Win32
		{3B250A03-CBE6-4EEF-A31E-6379770E12BE}.Release|Win32.ActiveCfg = Release|Win32
		{3B250A03-CBE6-4EEF-A31E-6379770E12BE}.Release|Win32.Build.0 = Release|Win32
		{99C0A75B-BAAC-49FE-9D03-7C4906011DC8}.Debug|Win32.ActiveCfg = Debug|Win32
		{99C0A75B-BAAC-49FE-9D03-7C4906011DC8}.Debug|Win32.Build.0 = Debug|Win32
		{99C0A75B-BAAC-49FE-9D03-7C4906011DC8}.Release|Win32.ActiveCfg = Release|Win32
		{99C0A75B-BAAC-49FE-9D03-7C4906011DC8}.Release|Win32.Build.0 = Release|Win32
	EndGlobalSection
	GlobalSection(SolutionProperties) = preSolution
		HideSolutionNode = FALSE
	EndGlobalSection
	GlobalSection(NestedProjects) = preSolution
		{BCED4D51-F7C4-469A-93D7-63D31987EA95} = {31538183-B3BF-4809-ABFB-63315A07A666}
		{EC77C8E6-BE1C-4730-88BA-B46C6F4992F7} = {03927FAB-A725-4BE7-A4DD-12E7A51AB77B}
		{550908FD-3377-45C6-9C32-11DCC16D38F7} = {33C8C544-13E0-42D5-AA30-5857758A4199}
		{3B250A03-CBE6-4EEF-A31E-6379770E12BE} = {DEE95E94-3E71-43A0-912B-8ED33E75F592}
		{99C0A75B-BAAC-49FE-9D03-7C4906011DC8} = {C3BBBFD8-9CD1-4A28-9F99-2D1B50B867A3}
	EndGlobalSection
EndGlobal
